
Microsoft Visual Studio Solution File, Format Version 12.00
# Visual Studio Version 16
VisualStudioVersion = 16.0.29613.14
MinimumVisualStudioVersion = 10.0.40219.1
Project("{FAE04EC0-301F-11D3-BF4B-00C04F79EFBC}") = "ConsoleApp5", "ConsoleApp5\ConsoleApp5.csproj", "{B02F7C5A-93EB-4342-91B5-E279CFF664C4}"
EndProject
Global
	GlobalSection(SolutionConfigurationPlatforms) = preSolution
		Debug|Any CPU = Debug|Any CPU
		Release|Any CPU = Release|Any CPU
	EndGlobalSection
	GlobalSection(ProjectConfigurationPlatforms) = postSolution
		{B02F7C5A-93EB-4342-91B5-E279CFF664C4}.Debug|Any CPU.ActiveCfg = Debug|Any CPU
		{B02F7C5A-93EB-4342-91B5-E279CFF664C4}.Debug|Any CPU.Build.0 = Debug|Any CPU
		{B02F7C5A-93EB-4342-91B5-E279CFF664C4}.Release|Any CPU.ActiveCfg = Release|Any CPU
		{B02F7C5A-93EB-4342-91B5-E279CFF664C4}.Release|Any CPU.Build.0 = Release|Any CPU
	EndGlobalSection
	GlobalSection(SolutionProperties) = preSolution
		HideSolutionNode = FALSE
	EndGlobalSection
	GlobalSection(ExtensibilityGlobals) = postSolution
		SolutionGuid = {B21E7884-0A94-476F-BB35-8F91CCF2AF95}
	EndGlobalSection
EndGlobal
